
Microsoft Visual Studio Solution File, Format Version 12.00
# Visual Studio Version 17
VisualStudioVersion = 17.3.32901.215
MinimumVisualStudioVersion = 10.0.40219.1
Project("{8BC9CEB8-8B4A-11D0-8D11-00A0C91BC942}") = "my", "my\my.vcxproj", "{1466F647-00D8-4B7F-8FD5-DECB47AC8481}"
EndProject
Global
	GlobalSection(SolutionConfigurationPlatforms) = preSolution
		Debug|x64 = Debug|x64
		Debug|x86 = Debug|x86
		Release|x64 = Release|x64
		Release|x86 = Release|x86
	EndGlobalSection
	GlobalSection(ProjectConfigurationPlatforms) = postSolution
		{1466F647-00D8-4B7F-8FD5-DECB47AC8481}.Debug|x64.ActiveCfg = Debug|x64
		{1466F647-00D8-4B7F-8FD5-DECB47AC8481}.Debug|x64.Build.0 = Debug|x64
		{1466F647-00D8-4B7F-8FD5-DECB47AC8481}.Debug|x86.ActiveCfg = Debug|Win32
		{1466F647-00D8-4B7F-8FD5-DECB47AC8481}.Debug|x86.Build.0 = Debug|Win32
		{1466F647-00D8-4B7F-8FD5-DECB47AC8481}.Release|x64.ActiveCfg = Release|x64
		{1466F647-00D8-4B7F-8FD5-DECB47AC8481}.Release|x64.Build.0 = Release|x64
		{1466F647-00D8-4B7F-8FD5-DECB47AC8481}.Release|x86.ActiveCfg = Release|Win32
		{1466F647-00D8-4B7F-8FD5-DECB47AC8481}.Release|x86.Build.0 = Release|Win32
	EndGlobalSection
	GlobalSection(SolutionProperties) = preSolution
		HideSolutionNode = FALSE
	EndGlobalSection
	GlobalSection(ExtensibilityGlobals) = postSolution
		SolutionGuid = {6D764A92-43C9-49D6-8B1D-CC1E1A8F9F08}
	EndGlobalSection
EndGlobal
